
Microsoft Visual Studio Solution File, Format Version 12.00
# Visual Studio Version 17
VisualStudioVersion = 17.0.31912.275
MinimumVisualStudioVersion = 10.0.40219.1
Project("{9A19103F-16F7-4668-BE54-9A1E7A4F7556}") = "MusicFestival", "MusicFestival.csproj", "{9ECF0E04-7795-46AF-9966-A2F41D99BA51}"
EndProject
Project("{9A19103F-16F7-4668-BE54-9A1E7A4F7556}") = "EPiServer.ContentDelivery.NodeProxy", "..\..\src\EPiServer.ContentDelivery.NodeProxy\EPiServer.ContentDelivery.NodeProxy.csproj", "{E184BDC0-EA5C-4A46-A491-DCF2B8758233}"
EndProject
Global
	GlobalSection(SolutionConfigurationPlatforms) = preSolution
		Debug|Any CPU = Debug|Any CPU
		Release|Any CPU = Release|Any CPU
	EndGlobalSection
	GlobalSection(ProjectConfigurationPlatforms) = postSolution
		{9ECF0E04-7795-46AF-9966-A2F41D99BA51}.Debug|Any CPU.ActiveCfg = Debug|Any CPU
		{9ECF0E04-7795-46AF-9966-A2F41D99BA51}.Debug|Any CPU.Build.0 = Debug|Any CPU
		{9ECF0E04-7795-46AF-9966-A2F41D99BA51}.Release|Any CPU.ActiveCfg = Release|Any CPU
		{9ECF0E04-7795-46AF-9966-A2F41D99BA51}.Release|Any CPU.Build.0 = Release|Any CPU
		{E184BDC0-EA5C-4A46-A491-DCF2B8758233}.Debug|Any CPU.ActiveCfg = Debug|Any CPU
		{E184BDC0-EA5C-4A46-A491-DCF2B8758233}.Debug|Any CPU.Build.0 = Debug|Any CPU
		{E184BDC0-EA5C-4A46-A491-DCF2B8758233}.Release|Any CPU.ActiveCfg = Release|Any CPU
		{E184BDC0-EA5C-4A46-A491-DCF2B8758233}.Release|Any CPU.Build.0 = Release|Any CPU
	EndGlobalSection
	GlobalSection(SolutionProperties) = preSolution
		HideSolutionNode = FALSE
	EndGlobalSection
	GlobalSection(ExtensibilityGlobals) = postSolution
		SolutionGuid = {EB31D6D4-8C83-4CFB-A557-2D5426EB3316}
	EndGlobalSection
EndGlobal
